
Microsoft Visual Studio Solution File, Format Version 12.00
# Visual Studio Version 16
VisualStudioVersion = 16.0.32126.315
MinimumVisualStudioVersion = 10.0.40219.1
Project("{FAE04EC0-301F-11D3-BF4B-00C04F79EFBC}") = "DESK_MES", "DESK_MES\DESK_MES.csproj", "{E672A2B1-8542-456C-A893-93D014FF498D}"
EndProject
Project("{FAE04EC0-301F-11D3-BF4B-00C04F79EFBC}") = "DESK_POP", "DESK_POP\DESK_POP.csproj", "{899635FD-D136-433B-B81F-286E1E3244F9}"
EndProject
Project("{FAE04EC0-301F-11D3-BF4B-00C04F79EFBC}") = "DESK_WEB", "DESK_WEB\DESK_WEB.csproj", "{3020AFDE-B81A-495C-917C-002063A23598}"
EndProject
Project("{FAE04EC0-301F-11D3-BF4B-00C04F79EFBC}") = "DESK_DTO", "DESk_DTO\DESK_DTO.csproj", "{2F2A607A-EEAF-4BC2-B56E-16C6A818E2BC}"
EndProject
Project("{FAE04EC0-301F-11D3-BF4B-00C04F79EFBC}") = "DESK_EQM", "DESK_EQM\DESK_EQM.csproj", "{F5FBA9EE-A0CD-4113-A2FC-94F792712B2D}"
EndProject
Global
	GlobalSection(SolutionConfigurationPlatforms) = preSolution
		Debug|Any CPU = Debug|Any CPU
		Release|Any CPU = Release|Any CPU
	EndGlobalSection
	GlobalSection(ProjectConfigurationPlatforms) = postSolution
		{E672A2B1-8542-456C-A893-93D014FF498D}.Debug|Any CPU.ActiveCfg = Debug|Any CPU
		{E672A2B1-8542-456C-A893-93D014FF498D}.Debug|Any CPU.Build.0 = Debug|Any CPU
		{E672A2B1-8542-456C-A893-93D014FF498D}.Release|Any CPU.ActiveCfg = Release|Any CPU
		{E672A2B1-8542-456C-A893-93D014FF498D}.Release|Any CPU.Build.0 = Release|Any CPU
		{899635FD-D136-433B-B81F-286E1E3244F9}.Debug|Any CPU.ActiveCfg = Debug|Any CPU
		{899635FD-D136-433B-B81F-286E1E3244F9}.Debug|Any CPU.Build.0 = Debug|Any CPU
		{899635FD-D136-433B-B81F-286E1E3244F9}.Release|Any CPU.ActiveCfg = Release|Any CPU
		{899635FD-D136-433B-B81F-286E1E3244F9}.Release|Any CPU.Build.0 = Release|Any CPU
		{3020AFDE-B81A-495C-917C-002063A23598}.Debug|Any CPU.ActiveCfg = Debug|Any CPU
		{3020AFDE-B81A-495C-917C-002063A23598}.Debug|Any CPU.Build.0 = Debug|Any CPU
		{3020AFDE-B81A-495C-917C-002063A23598}.Release|Any CPU.ActiveCfg = Release|Any CPU
		{3020AFDE-B81A-495C-917C-002063A23598}.Release|Any CPU.Build.0 = Release|Any CPU
		{2F2A607A-EEAF-4BC2-B56E-16C6A818E2BC}.Debug|Any CPU.ActiveCfg = Debug|Any CPU
		{2F2A607A-EEAF-4BC2-B56E-16C6A818E2BC}.Debug|Any CPU.Build.0 = Debug|Any CPU
		{2F2A607A-EEAF-4BC2-B56E-16C6A818E2BC}.Release|Any CPU.ActiveCfg = Release|Any CPU
		{2F2A607A-EEAF-4BC2-B56E-16C6A818E2BC}.Release|Any CPU.Build.0 = Release|Any CPU
		{F5FBA9EE-A0CD-4113-A2FC-94F792712B2D}.Debug|Any CPU.ActiveCfg = Debug|Any CPU
		{F5FBA9EE-A0CD-4113-A2FC-94F792712B2D}.Debug|Any CPU.Build.0 = Debug|Any CPU
		{F5FBA9EE-A0CD-4113-A2FC-94F792712B2D}.Release|Any CPU.ActiveCfg = Release|Any CPU
		{F5FBA9EE-A0CD-4113-A2FC-94F792712B2D}.Release|Any CPU.Build.0 = Release|Any CPU
	EndGlobalSection
	GlobalSection(SolutionProperties) = preSolution
		HideSolutionNode = FALSE
	EndGlobalSection
	GlobalSection(ExtensibilityGlobals) = postSolution
		SolutionGuid = {1B0FC12B-BBB7-4ADB-A52F-77240FECEC95}
	EndGlobalSection
EndGlobal
